Microsoft Visual Studio Solution File, Format Version 11.00
# Visual Studio 2008

Project("{58E48AA0-1FE4-1968-273F-2BD573612296}") = "PaperBoy", "Assembly-CSharp.csproj", "{99F4CE74-5AC2-2F42-1729-7A8012A01CC2}"
EndProject
Global
	GlobalSection(SolutionConfigurationPlatforms) = preSolution
		Debug|Any CPU = Debug|Any CPU
		Release|Any CPU = Release|Any CPU
	EndGlobalSection
	GlobalSection(ProjectConfigurationPlatforms) = postSolution
		{99F4CE74-5AC2-2F42-1729-7A8012A01CC2}.Debug|Any CPU.ActiveCfg = Debug|Any CPU
		{99F4CE74-5AC2-2F42-1729-7A8012A01CC2}.Debug|Any CPU.Build.0 = Debug|Any CPU
		{99F4CE74-5AC2-2F42-1729-7A8012A01CC2}.Release|Any CPU.ActiveCfg = Release|Any CPU
		{99F4CE74-5AC2-2F42-1729-7A8012A01CC2}.Release|Any CPU.Build.0 = Release|Any CPU
	EndGlobalSection
	GlobalSection(SolutionProperties) = preSolution
		HideSolutionNode = FALSE
	EndGlobalSection
	GlobalSection(MonoDevelopProperties) = preSolution
		StartupItem = Assembly-CSharp.csproj
	EndGlobalSection
EndGlobal
